// !$*UTF8*$!
{
	archiveVersion = 1;
	classes = {
	};
	objectVersion = 56;
	objects = {

/* Begin PBXBuildFile section */
		0918508A2BCF298600910509 /* LogInView.swift in Sources */ = {isa = PBXBuildFile; fileRef = 091850892BCF298600910509 /* LogInView.swift */; };
		098E4FB92BCF2ACA00324236 /* ProfilePicView.swift in Sources */ = {isa = PBXBuildFile; fileRef = 098E4FB82BCF2ACA00324236 /* ProfilePicView.swift */; };
		098E4FBB2BCF2ADF00324236 /* AuthViewModel.swift in Sources */ = {isa = PBXBuildFile; fileRef = 098E4FBA2BCF2ADF00324236 /* AuthViewModel.swift */; };
		098E4FBD2BCF2B2500324236 /* Users.swift in Sources */ = {isa = PBXBuildFile; fileRef = 098E4FBC2BCF2B2500324236 /* Users.swift */; };
		098E4FBF2BCF320D00324236 /* CreateAccountView.swift in Sources */ = {isa = PBXBuildFile; fileRef = 098E4FBE2BCF320D00324236 /* CreateAccountView.swift */; };
		969081132B8189100058BA9C /* FirebaseAuth in Frameworks */ = {isa = PBXBuildFile; productRef = 969081122B8189100058BA9C /* FirebaseAuth */; };
		969081152B8189100058BA9C /* FirebaseDatabase in Frameworks */ = {isa = PBXBuildFile; productRef = 969081142B8189100058BA9C /* FirebaseDatabase */; };
		969081172B8189100058BA9C /* FirebaseDatabaseSwift in Frameworks */ = {isa = PBXBuildFile; productRef = 969081162B8189100058BA9C /* FirebaseDatabaseSwift */; };
		969081192B8189100058BA9C /* FirebaseFirestore in Frameworks */ = {isa = PBXBuildFile; productRef = 969081182B8189100058BA9C /* FirebaseFirestore */; };
		9690811B2B8189100058BA9C /* FirebaseFirestoreSwift in Frameworks */ = {isa = PBXBuildFile; productRef = 9690811A2B8189100058BA9C /* FirebaseFirestoreSwift */; };
		9690811D2B8189100058BA9C /* FirebaseMessaging in Frameworks */ = {isa = PBXBuildFile; productRef = 9690811C2B8189100058BA9C /* FirebaseMessaging */; };
		9690811F2B8189100058BA9C /* FirebaseStorage in Frameworks */ = {isa = PBXBuildFile; productRef = 9690811E2B8189100058BA9C /* FirebaseStorage */; };
		969081232B81992B0058BA9C /* GoogleService-Info.plist in Resources */ = {isa = PBXBuildFile; fileRef = 969081222B81992B0058BA9C /* GoogleService-Info.plist */; };
		969081252B819AAC0058BA9C /* CommunityForum.swift in Sources */ = {isa = PBXBuildFile; fileRef = 969081242B819AAC0058BA9C /* CommunityForum.swift */; };
		96A2ABDB2B705151007444FC /* CommunityOutreachLandingView.swift in Sources */ = {isa = PBXBuildFile; fileRef = 96A2ABDA2B705151007444FC /* CommunityOutreachLandingView.swift */; };
		96A2ABDD2B705181007444FC /* CommunityOutreachLanding.swift in Sources */ = {isa = PBXBuildFile; fileRef = 96A2ABDC2B705181007444FC /* CommunityOutreachLanding.swift */; };
		96A2ABEC2B706D09007444FC /* ScheduleCoachingView.swift in Sources */ = {isa = PBXBuildFile; fileRef = 96A2ABEB2B706D08007444FC /* ScheduleCoachingView.swift */; };
		96A2ABF02B706D1B007444FC /* MessageCoachView.swift in Sources */ = {isa = PBXBuildFile; fileRef = 96A2ABEF2B706D1B007444FC /* MessageCoachView.swift */; };
		96A2ABF42B706D2E007444FC /* CommunityForumView.swift in Sources */ = {isa = PBXBuildFile; fileRef = 96A2ABF32B706D2E007444FC /* CommunityForumView.swift */; };
		96E148A82BB213E3002C5718 /* MessageCoach.swift in Sources */ = {isa = PBXBuildFile; fileRef = 96E148A72BB213E3002C5718 /* MessageCoach.swift */; };
		96EB8B2C2BA95ED00043DA04 /* ScheduleCoaching.swift in Sources */ = {isa = PBXBuildFile; fileRef = 96EB8B2B2BA95ED00043DA04 /* ScheduleCoaching.swift */; };
		FA4DB8812BB413AA002BD702 /* FinancialPollView.swift in Sources */ = {isa = PBXBuildFile; fileRef = FA4DB8802BB413AA002BD702 /* FinancialPollView.swift */; };
		FA4DB8832BB41525002BD702 /* FinancialDashboardView.swift in Sources */ = {isa = PBXBuildFile; fileRef = FA4DB8822BB41525002BD702 /* FinancialDashboardView.swift */; };
		FA93114A2B6A0C67006F2C19 /* Dough_to_BreadApp.swift in Sources */ = {isa = PBXBuildFile; fileRef = FA9311492B6A0C67006F2C19 /* Dough_to_BreadApp.swift */; };
		FA93114E2B6A0C6A006F2C19 /* Assets.xcassets in Resources */ = {isa = PBXBuildFile; fileRef = FA93114D2B6A0C6A006F2C19 /* Assets.xcassets */; };
		FA9311512B6A0C6A006F2C19 /* Preview Assets.xcassets in Resources */ = {isa = PBXBuildFile; fileRef = FA9311502B6A0C6A006F2C19 /* Preview Assets.xcassets */; };
		FA93115B2B6A0C6A006F2C19 /* Dough_to_BreadTests.swift in Sources */ = {isa = PBXBuildFile; fileRef = FA93115A2B6A0C6A006F2C19 /* Dough_to_BreadTests.swift */; };
		FA9311652B6A0C6A006F2C19 /* Dough_to_BreadUITests.swift in Sources */ = {isa = PBXBuildFile; fileRef = FA9311642B6A0C6A006F2C19 /* Dough_to_BreadUITests.swift */; };
		FA9311672B6A0C6A006F2C19 /* Dough_to_BreadUITestsLaunchTests.swift in Sources */ = {isa = PBXBuildFile; fileRef = FA9311662B6A0C6A006F2C19 /* Dough_to_BreadUITestsLaunchTests.swift */; };
		FAC3958E2BE8AA97002982DE /* BudgetCalculatorView.swift in Sources */ = {isa = PBXBuildFile; fileRef = FAC3958D2BE8AA97002982DE /* BudgetCalculatorView.swift */; };
		FAF76EBC2BB3E3DE000E6B79 /* SavingsView.swift in Sources */ = {isa = PBXBuildFile; fileRef = FAF76EBB2BB3E3DE000E6B79 /* SavingsView.swift */; };
/* End PBXBuildFile section */

/* Begin PBXContainerItemProxy section */
		FA9311572B6A0C6A006F2C19 /* PBXContainerItemProxy */ = {
			isa = PBXContainerItemProxy;
			containerPortal = FA93113E2B6A0C67006F2C19 /* Project object */;
			proxyType = 1;
			remoteGlobalIDString = FA9311452B6A0C67006F2C19;
			remoteInfo = "Dough to Bread";
		};
		FA9311612B6A0C6A006F2C19 /* PBXContainerItemProxy */ = {
			isa = PBXContainerItemProxy;
			containerPortal = FA93113E2B6A0C67006F2C19 /* Project object */;
			proxyType = 1;
			remoteGlobalIDString = FA9311452B6A0C67006F2C19;
			remoteInfo = "Dough to Bread";
		};
/* End PBXContainerItemProxy section */

/* Begin PBXFileReference section */
		091850892BCF298600910509 /* LogInView.swift */ = {isa = PBXFileReference; lastKnownFileType = sourcecode.swift; path = LogInView.swift; sourceTree = "<group>"; };
		098E4FB82BCF2ACA00324236 /* ProfilePicView.swift */ = {isa = PBXFileReference; lastKnownFileType = sourcecode.swift; path = ProfilePicView.swift; sourceTree = "<group>"; };
		098E4FBA2BCF2ADF00324236 /* AuthViewModel.swift */ = {isa = PBXFileReference; lastKnownFileType = sourcecode.swift; path = AuthViewModel.swift; sourceTree = "<group>"; };
		098E4FBC2BCF2B2500324236 /* Users.swift */ = {isa = PBXFileReference; lastKnownFileType = sourcecode.swift; path = Users.swift; sourceTree = "<group>"; };
		098E4FBE2BCF320D00324236 /* CreateAccountView.swift */ = {isa = PBXFileReference; lastKnownFileType = sourcecode.swift; path = CreateAccountView.swift; sourceTree = "<group>"; };
		969081222B81992B0058BA9C /* GoogleService-Info.plist */ = {isa = PBXFileReference; fileEncoding = 4; lastKnownFileType = text.plist.xml; path = "GoogleService-Info.plist"; sourceTree = "<group>"; };
		969081242B819AAC0058BA9C /* CommunityForum.swift */ = {isa = PBXFileReference; lastKnownFileType = sourcecode.swift; path = CommunityForum.swift; sourceTree = "<group>"; };
		96A2ABDA2B705151007444FC /* CommunityOutreachLandingView.swift */ = {isa = PBXFileReference; lastKnownFileType = sourcecode.swift; path = CommunityOutreachLandingView.swift; sourceTree = "<group>"; };
		96A2ABDC2B705181007444FC /* CommunityOutreachLanding.swift */ = {isa = PBXFileReference; lastKnownFileType = sourcecode.swift; path = CommunityOutreachLanding.swift; sourceTree = "<group>"; };
		96A2ABE22B705DF3007444FC /* Dough-to-Bread-Info.plist */ = {isa = PBXFileReference; lastKnownFileType = text.plist; path = "Dough-to-Bread-Info.plist"; sourceTree = SOURCE_ROOT; };
		96A2ABEB2B706D08007444FC /* ScheduleCoachingView.swift */ = {isa = PBXFileReference; lastKnownFileType = sourcecode.swift; path = ScheduleCoachingView.swift; sourceTree = "<group>"; };
		96A2ABEF2B706D1B007444FC /* MessageCoachView.swift */ = {isa = PBXFileReference; lastKnownFileType = sourcecode.swift; path = MessageCoachView.swift; sourceTree = "<group>"; };
		96A2ABF32B706D2E007444FC /* CommunityForumView.swift */ = {isa = PBXFileReference; lastKnownFileType = sourcecode.swift; path = CommunityForumView.swift; sourceTree = "<group>"; };
		96E148A72BB213E3002C5718 /* MessageCoach.swift */ = {isa = PBXFileReference; lastKnownFileType = sourcecode.swift; path = MessageCoach.swift; sourceTree = "<group>"; };
		96EB8B2B2BA95ED00043DA04 /* ScheduleCoaching.swift */ = {isa = PBXFileReference; lastKnownFileType = sourcecode.swift; path = ScheduleCoaching.swift; sourceTree = "<group>"; };
		FA4DB8802BB413AA002BD702 /* FinancialPollView.swift */ = {isa = PBXFileReference; lastKnownFileType = sourcecode.swift; path = FinancialPollView.swift; sourceTree = "<group>"; };
		FA4DB8822BB41525002BD702 /* FinancialDashboardView.swift */ = {isa = PBXFileReference; lastKnownFileType = sourcecode.swift; path = FinancialDashboardView.swift; sourceTree = "<group>"; };
		FA9311462B6A0C67006F2C19 /* Dough to Bread.app */ = {isa = PBXFileReference; explicitFileType = wrapper.application; includeInIndex = 0; path = "Dough to Bread.app"; sourceTree = BUILT_PRODUCTS_DIR; };
		FA9311492B6A0C67006F2C19 /* Dough_to_BreadApp.swift */ = {isa = PBXFileReference; lastKnownFileType = sourcecode.swift; path = Dough_to_BreadApp.swift; sourceTree = "<group>"; };
		FA93114D2B6A0C6A006F2C19 /* Assets.xcassets */ = {isa = PBXFileReference; lastKnownFileType = folder.assetcatalog; path = Assets.xcassets; sourceTree = "<group>"; };
		FA9311502B6A0C6A006F2C19 /* Preview Assets.xcassets */ = {isa = PBXFileReference; lastKnownFileType = folder.assetcatalog; path = "Preview Assets.xcassets"; sourceTree = "<group>"; };
		FA9311562B6A0C6A006F2C19 /* Dough to BreadTests.xctest */ = {isa = PBXFileReference; explicitFileType = wrapper.cfbundle; includeInIndex = 0; path = "Dough to BreadTests.xctest"; sourceTree = BUILT_PRODUCTS_DIR; };
		FA93115A2B6A0C6A006F2C19 /* Dough_to_BreadTests.swift */ = {isa = PBXFileReference; lastKnownFileType = sourcecode.swift; path = Dough_to_BreadTests.swift; sourceTree = "<group>"; };
		FA9311602B6A0C6A006F2C19 /* Dough to BreadUITests.xctest */ = {isa = PBXFileReference; explicitFileType = wrapper.cfbundle; includeInIndex = 0; path = "Dough to BreadUITests.xctest"; sourceTree = BUILT_PRODUCTS_DIR; };
		FA9311642B6A0C6A006F2C19 /* Dough_to_BreadUITests.swift */ = {isa = PBXFileReference; lastKnownFileType = sourcecode.swift; path = Dough_to_BreadUITests.swift; sourceTree = "<group>"; };
		FA9311662B6A0C6A006F2C19 /* Dough_to_BreadUITestsLaunchTests.swift */ = {isa = PBXFileReference; lastKnownFileType = sourcecode.swift; path = Dough_to_BreadUITestsLaunchTests.swift; sourceTree = "<group>"; };
		FAC3958D2BE8AA97002982DE /* BudgetCalculatorView.swift */ = {isa = PBXFileReference; fileEncoding = 4; lastKnownFileType = sourcecode.swift; path = BudgetCalculatorView.swift; sourceTree = "<group>"; };
		FAF76EBB2BB3E3DE000E6B79 /* SavingsView.swift */ = {isa = PBXFileReference; lastKnownFileType = sourcecode.swift; path = SavingsView.swift; sourceTree = "<group>"; };
/* End PBXFileReference section */

/* Begin PBXFrameworksBuildPhase section */
		FA9311432B6A0C67006F2C19 /* Frameworks */ = {
			isa = PBXFrameworksBuildPhase;
			buildActionMask = 2147483647;
			files = (
				9690811D2B8189100058BA9C /* FirebaseMessaging in Frameworks */,
				9690811B2B8189100058BA9C /* FirebaseFirestoreSwift in Frameworks */,
				969081172B8189100058BA9C /* FirebaseDatabaseSwift in Frameworks */,
				969081192B8189100058BA9C /* FirebaseFirestore in Frameworks */,
				9690811F2B8189100058BA9C /* FirebaseStorage in Frameworks */,
				969081152B8189100058BA9C /* FirebaseDatabase in Frameworks */,
				969081132B8189100058BA9C /* FirebaseAuth in Frameworks */,
			);
			runOnlyForDeploymentPostprocessing = 0;
		};
		FA9311532B6A0C6A006F2C19 /* Frameworks */ = {
			isa = PBXFrameworksBuildPhase;
			buildActionMask = 2147483647;
			files = (
			);
			runOnlyForDeploymentPostprocessing = 0;
		};
		FA93115D2B6A0C6A006F2C19 /* Frameworks */ = {
			isa = PBXFrameworksBuildPhase;
			buildActionMask = 2147483647;
			files = (
			);
			runOnlyForDeploymentPostprocessing = 0;
		};
/* End PBXFrameworksBuildPhase section */

/* Begin PBXGroup section */
		0918508D2BCF2A4B00910509 /* profile */ = {
			isa = PBXGroup;
			children = (
				091850892BCF298600910509 /* LogInView.swift */,
				098E4FB82BCF2ACA00324236 /* ProfilePicView.swift */,
				098E4FBA2BCF2ADF00324236 /* AuthViewModel.swift */,
				098E4FBC2BCF2B2500324236 /* Users.swift */,
				098E4FBE2BCF320D00324236 /* CreateAccountView.swift */,
			);
			path = profile;
			sourceTree = "<group>";
		};
		9690810B2B81883C0058BA9C /* Community Outreach */ = {
			isa = PBXGroup;
			children = (
				969081102B81889D0058BA9C /* FrontEnd */,
				9690810F2B8188950058BA9C /* BackEnd */,
			);
			path = "Community Outreach";
			sourceTree = "<group>";
		};
		9690810F2B8188950058BA9C /* BackEnd */ = {
			isa = PBXGroup;
			children = (
				96A2ABDC2B705181007444FC /* CommunityOutreachLanding.swift */,
				96EB8B2B2BA95ED00043DA04 /* ScheduleCoaching.swift */,
				96E148A72BB213E3002C5718 /* MessageCoach.swift */,
				969081242B819AAC0058BA9C /* CommunityForum.swift */,
			);
			path = BackEnd;
			sourceTree = "<group>";
		};
		969081102B81889D0058BA9C /* FrontEnd */ = {
			isa = PBXGroup;
			children = (
				96A2ABDA2B705151007444FC /* CommunityOutreachLandingView.swift */,
				96A2ABEB2B706D08007444FC /* ScheduleCoachingView.swift */,
				96A2ABEF2B706D1B007444FC /* MessageCoachView.swift */,
				96A2ABF32B706D2E007444FC /* CommunityForumView.swift */,
			);
			path = FrontEnd;
			sourceTree = "<group>";
		};
		FA93113D2B6A0C67006F2C19 = {
			isa = PBXGroup;
			children = (
				FA9311482B6A0C67006F2C19 /* Dough to Bread */,
				FA9311592B6A0C6A006F2C19 /* Dough to BreadTests */,
				FA9311632B6A0C6A006F2C19 /* Dough to BreadUITests */,
				FA9311472B6A0C67006F2C19 /* Products */,
				FAC395882BE2F891002982DE /* Frameworks */,
			);
			sourceTree = "<group>";
		};
		FA9311472B6A0C67006F2C19 /* Products */ = {
			isa = PBXGroup;
			children = (
				FA9311462B6A0C67006F2C19 /* Dough to Bread.app */,
				FA9311562B6A0C6A006F2C19 /* Dough to BreadTests.xctest */,
				FA9311602B6A0C6A006F2C19 /* Dough to BreadUITests.xctest */,
			);
			name = Products;
			sourceTree = "<group>";
		};
		FA9311482B6A0C67006F2C19 /* Dough to Bread */ = {
			isa = PBXGroup;
			children = (
				FAC3958D2BE8AA97002982DE /* BudgetCalculatorView.swift */,
				0918508D2BCF2A4B00910509 /* profile */,
				FA4DB8802BB413AA002BD702 /* FinancialPollView.swift */,
				969081222B81992B0058BA9C /* GoogleService-Info.plist */,
				96A2ABE22B705DF3007444FC /* Dough-to-Bread-Info.plist */,
				FA9311492B6A0C67006F2C19 /* Dough_to_BreadApp.swift */,
				9690810B2B81883C0058BA9C /* Community Outreach */,
				FA93114D2B6A0C6A006F2C19 /* Assets.xcassets */,
				FA93114F2B6A0C6A006F2C19 /* Preview Content */,
				FAF76EBB2BB3E3DE000E6B79 /* SavingsView.swift */,
				FA4DB8822BB41525002BD702 /* FinancialDashboardView.swift */,
			);
			path = "Dough to Bread";
			sourceTree = "<group>";
		};
		FA93114F2B6A0C6A006F2C19 /* Preview Content */ = {
			isa = PBXGroup;
			children = (
				FA9311502B6A0C6A006F2C19 /* Preview Assets.xcassets */,
			);
			path = "Preview Content";
			sourceTree = "<group>";
		};
		FA9311592B6A0C6A006F2C19 /* Dough to BreadTests */ = {
			isa = PBXGroup;
			children = (
				FA93115A2B6A0C6A006F2C19 /* Dough_to_BreadTests.swift */,
			);
			path = "Dough to BreadTests";
			sourceTree = "<group>";
		};
		FA9311632B6A0C6A006F2C19 /* Dough to BreadUITests */ = {
			isa = PBXGroup;
			children = (
				FA9311642B6A0C6A006F2C19 /* Dough_to_BreadUITests.swift */,
				FA9311662B6A0C6A006F2C19 /* Dough_to_BreadUITestsLaunchTests.swift */,
			);
			path = "Dough to BreadUITests";
			sourceTree = "<group>";
		};
		FAC395882BE2F891002982DE /* Frameworks */ = {
			isa = PBXGroup;
			children = (
			);
			name = Frameworks;
			sourceTree = "<group>";
		};
/* End PBXGroup section */

/* Begin PBXNativeTarget section */
		FA9311452B6A0C67006F2C19 /* Dough to Bread */ = {
			isa = PBXNativeTarget;
			buildConfigurationList = FA93116A2B6A0C6A006F2C19 /* Build configuration list for PBXNativeTarget "Dough to Bread" */;
			buildPhases = (
				FA9311422B6A0C67006F2C19 /* Sources */,
				FA9311432B6A0C67006F2C19 /* Frameworks */,
				FA9311442B6A0C67006F2C19 /* Resources */,
			);
			buildRules = (
			);
			dependencies = (
			);
			name = "Dough to Bread";
			packageProductDependencies = (
				969081122B8189100058BA9C /* FirebaseAuth */,
				969081142B8189100058BA9C /* FirebaseDatabase */,
				969081162B8189100058BA9C /* FirebaseDatabaseSwift */,
				969081182B8189100058BA9C /* FirebaseFirestore */,
				9690811A2B8189100058BA9C /* FirebaseFirestoreSwift */,
				9690811C2B8189100058BA9C /* FirebaseMessaging */,
				9690811E2B8189100058BA9C /* FirebaseStorage */,
			);
			productName = "Dough to Bread";
			productReference = FA9311462B6A0C67006F2C19 /* Dough to Bread.app */;
			productType = "com.apple.product-type.application";
		};
		FA9311552B6A0C6A006F2C19 /* Dough to BreadTests */ = {
			isa = PBXNativeTarget;
			buildConfigurationList = FA93116D2B6A0C6A006F2C19 /* Build configuration list for PBXNativeTarget "Dough to BreadTests" */;
			buildPhases = (
				FA9311522B6A0C6A006F2C19 /* Sources */,
				FA9311532B6A0C6A006F2C19 /* Frameworks */,
				FA9311542B6A0C6A006F2C19 /* Resources */,
			);
			buildRules = (
			);
			dependencies = (
				FA9311582B6A0C6A006F2C19 /* PBXTargetDependency */,
			);
			name = "Dough to BreadTests";
			productName = "Dough to BreadTests";
			productReference = FA9311562B6A0C6A006F2C19 /* Dough to BreadTests.xctest */;
			productType = "com.apple.product-type.bundle.unit-test";
		};
		FA93115F2B6A0C6A006F2C19 /* Dough to BreadUITests */ = {
			isa = PBXNativeTarget;
			buildConfigurationList = FA9311702B6A0C6A006F2C19 /* Build configuration list for PBXNativeTarget "Dough to BreadUITests" */;
			buildPhases = (
				FA93115C2B6A0C6A006F2C19 /* Sources */,
				FA93115D2B6A0C6A006F2C19 /* Frameworks */,
				FA93115E2B6A0C6A006F2C19 /* Resources */,
			);
			buildRules = (
			);
			dependencies = (
				FA9311622B6A0C6A006F2C19 /* PBXTargetDependency */,
			);
			name = "Dough to BreadUITests";
			productName = "Dough to BreadUITests";
			productReference = FA9311602B6A0C6A006F2C19 /* Dough to BreadUITests.xctest */;
			productType = "com.apple.product-type.bundle.ui-testing";
		};
/* End PBXNativeTarget section */

/* Begin PBXProject section */
		FA93113E2B6A0C67006F2C19 /* Project object */ = {
			isa = PBXProject;
			attributes = {
				BuildIndependentTargetsInParallel = 1;
				LastSwiftUpdateCheck = 1520;
				LastUpgradeCheck = 1520;
				TargetAttributes = {
					FA9311452B6A0C67006F2C19 = {
						CreatedOnToolsVersion = 15.2;
					};
					FA9311552B6A0C6A006F2C19 = {
						CreatedOnToolsVersion = 15.2;
						TestTargetID = FA9311452B6A0C67006F2C19;
					};
					FA93115F2B6A0C6A006F2C19 = {
						CreatedOnToolsVersion = 15.2;
						TestTargetID = FA9311452B6A0C67006F2C19;
					};
				};
			};
			buildConfigurationList = FA9311412B6A0C67006F2C19 /* Build configuration list for PBXProject "Dough to Bread" */;
			compatibilityVersion = "Xcode 14.0";
			developmentRegion = en;
			hasScannedForEncodings = 0;
			knownRegions = (
				en,
				Base,
			);
			mainGroup = FA93113D2B6A0C67006F2C19;
			packageReferences = (
				969081112B8189100058BA9C /* XCRemoteSwiftPackageReference "firebase-ios-sdk" */,
			);
			productRefGroup = FA9311472B6A0C67006F2C19 /* Products */;
			projectDirPath = "";
			projectRoot = "";
			targets = (
				FA9311452B6A0C67006F2C19 /* Dough to Bread */,
				FA9311552B6A0C6A006F2C19 /* Dough to BreadTests */,
				FA93115F2B6A0C6A006F2C19 /* Dough to BreadUITests */,
			);
		};
/* End PBXProject section */

/* Begin PBXResourcesBuildPhase section */
		FA9311442B6A0C67006F2C19 /* Resources */ = {
			isa = PBXResourcesBuildPhase;
			buildActionMask = 2147483647;
			files = (
				FA9311512B6A0C6A006F2C19 /* Preview Assets.xcassets in Resources */,
				FA93114E2B6A0C6A006F2C19 /* Assets.xcassets in Resources */,
				969081232B81992B0058BA9C /* GoogleService-Info.plist in Resources */,
			);
			runOnlyForDeploymentPostprocessing = 0;
		};
		FA9311542B6A0C6A006F2C19 /* Resources */ = {
			isa = PBXResourcesBuildPhase;
			buildActionMask = 2147483647;
			files = (
			);
			runOnlyForDeploymentPostprocessing = 0;
		};
		FA93115E2B6A0C6A006F2C19 /* Resources */ = {
			isa = PBXResourcesBuildPhase;
			buildActionMask = 2147483647;
			files = (
			);
			runOnlyForDeploymentPostprocessing = 0;
		};
/* End PBXResourcesBuildPhase section */

/* Begin PBXSourcesBuildPhase section */
		FA9311422B6A0C67006F2C19 /* Sources */ = {
			isa = PBXSourcesBuildPhase;
			buildActionMask = 2147483647;
			files = (
				0918508A2BCF298600910509 /* LogInView.swift in Sources */,
				FAC3958E2BE8AA97002982DE /* BudgetCalculatorView.swift in Sources */,
				96A2ABEC2B706D09007444FC /* ScheduleCoachingView.swift in Sources */,
				098E4FBF2BCF320D00324236 /* CreateAccountView.swift in Sources */,
				FA4DB8812BB413AA002BD702 /* FinancialPollView.swift in Sources */,
				96EB8B2C2BA95ED00043DA04 /* ScheduleCoaching.swift in Sources */,
				96E148A82BB213E3002C5718 /* MessageCoach.swift in Sources */,
				098E4FBB2BCF2ADF00324236 /* AuthViewModel.swift in Sources */,
				96A2ABDB2B705151007444FC /* CommunityOutreachLandingView.swift in Sources */,
				969081252B819AAC0058BA9C /* CommunityForum.swift in Sources */,
				96A2ABF02B706D1B007444FC /* MessageCoachView.swift in Sources */,
				96A2ABDD2B705181007444FC /* CommunityOutreachLanding.swift in Sources */,
				098E4FBD2BCF2B2500324236 /* Users.swift in Sources */,
				098E4FB92BCF2ACA00324236 /* ProfilePicView.swift in Sources */,
				FAF76EBC2BB3E3DE000E6B79 /* SavingsView.swift in Sources */,
				FA93114A2B6A0C67006F2C19 /* Dough_to_BreadApp.swift in Sources */,
				96A2ABF42B706D2E007444FC /* CommunityForumView.swift in Sources */,
				FA4DB8832BB41525002BD702 /* FinancialDashboardView.swift in Sources */,
			);
			runOnlyForDeploymentPostprocessing = 0;
		};
		FA9311522B6A0C6A006F2C19 /* Sources */ = {
			isa = PBXSourcesBuildPhase;
			buildActionMask = 2147483647;
			files = (
				FA93115B2B6A0C6A006F2C19 /* Dough_to_BreadTests.swift in Sources */,
			);
			runOnlyForDeploymentPostprocessing = 0;
		};
		FA93115C2B6A0C6A006F2C19 /* Sources */ = {
			isa = PBXSourcesBuildPhase;
			buildActionMask = 2147483647;
			files = (
				FA9311672B6A0C6A006F2C19 /* Dough_to_BreadUITestsLaunchTests.swift in Sources */,
				FA9311652B6A0C6A006F2C19 /* Dough_to_BreadUITests.swift in Sources */,
			);
			runOnlyForDeploymentPostprocessing = 0;
		};
/* End PBXSourcesBuildPhase section */

/* Begin PBXTargetDependency section */
		FA9311582B6A0C6A006F2C19 /* PBXTargetDependency */ = {
			isa = PBXTargetDependency;
			target = FA9311452B6A0C67006F2C19 /* Dough to Bread */;
			targetProxy = FA9311572B6A0C6A006F2C19 /* PBXContainerItemProxy */;
		};
		FA9311622B6A0C6A006F2C19 /* PBXTargetDependency */ = {
			isa = PBXTargetDependency;
			target = FA9311452B6A0C67006F2C19 /* Dough to Bread */;
			targetProxy = FA9311612B6A0C6A006F2C19 /* PBXContainerItemProxy */;
		};
/* End PBXTargetDependency section */

/* Begin XCBuildConfiguration section */
		FA9311682B6A0C6A006F2C19 /* Debug */ = {
			isa = XCBuildConfiguration;
			buildSettings = {
				ALWAYS_SEARCH_USER_PATHS = NO;
				ASSETCATALOG_COMPILER_GENERATE_SWIFT_ASSET_SYMBOL_EXTENSIONS = YES;
				CLANG_ANALYZER_NONNULL = YES;
				CLANG_ANALYZER_NUMBER_OBJECT_CONVERSION = YES_AGGRESSIVE;
				CLANG_CXX_LANGUAGE_STANDARD = "gnu++20";
				CLANG_ENABLE_MODULES = YES;
				CLANG_ENABLE_OBJC_ARC = YES;
				CLANG_ENABLE_OBJC_WEAK = YES;
				CLANG_WARN_BLOCK_CAPTURE_AUTORELEASING = YES;
				CLANG_WARN_BOOL_CONVERSION = YES;
				CLANG_WARN_COMMA = YES;
				CLANG_WARN_CONSTANT_CONVERSION = YES;
				CLANG_WARN_DEPRECATED_OBJC_IMPLEMENTATIONS = YES;
				CLANG_WARN_DIRECT_OBJC_ISA_USAGE = YES_ERROR;
				CLANG_WARN_DOCUMENTATION_COMMENTS = YES;
				CLANG_WARN_EMPTY_BODY = YES;
				CLANG_WARN_ENUM_CONVERSION = YES;
				CLANG_WARN_INFINITE_RECURSION = YES;
				CLANG_WARN_INT_CONVERSION = YES;
				CLANG_WARN_NON_LITERAL_NULL_CONVERSION = YES;
				CLANG_WARN_OBJC_IMPLICIT_RETAIN_SELF = YES;
				CLANG_WARN_OBJC_LITERAL_CONVERSION = YES;
				CLANG_WARN_OBJC_ROOT_CLASS = YES_ERROR;
				CLANG_WARN_QUOTED_INCLUDE_IN_FRAMEWORK_HEADER = YES;
				CLANG_WARN_RANGE_LOOP_ANALYSIS = YES;
				CLANG_WARN_STRICT_PROTOTYPES = YES;
				CLANG_WARN_SUSPICIOUS_MOVE = YES;
				CLANG_WARN_UNGUARDED_AVAILABILITY = YES_AGGRESSIVE;
				CLANG_WARN_UNREACHABLE_CODE = YES;
				CLANG_WARN__DUPLICATE_METHOD_MATCH = YES;
				COPY_PHASE_STRIP = NO;
				DEBUG_INFORMATION_FORMAT = dwarf;
				ENABLE_STRICT_OBJC_MSGSEND = YES;
				ENABLE_TESTABILITY = YES;
				ENABLE_USER_SCRIPT_SANDBOXING = YES;
				GCC_C_LANGUAGE_STANDARD = gnu17;
				GCC_DYNAMIC_NO_PIC = NO;
				GCC_NO_COMMON_BLOCKS = YES;
				GCC_OPTIMIZATION_LEVEL = 0;
				GCC_PREPROCESSOR_DEFINITIONS = (
					"DEBUG=1",
					"$(inherited)",
				);
				GCC_WARN_64_TO_32_BIT_CONVERSION = YES;
				GCC_WARN_ABOUT_RETURN_TYPE = YES_ERROR;
				GCC_WARN_UNDECLARED_SELECTOR = YES;
				GCC_WARN_UNINITIALIZED_AUTOS = YES_AGGRESSIVE;
				GCC_WARN_UNUSED_FUNCTION = YES;
				GCC_WARN_UNUSED_VARIABLE = YES;
				IPHONEOS_DEPLOYMENT_TARGET = 17.2;
				LOCALIZATION_PREFERS_STRING_CATALOGS = YES;
				MTL_ENABLE_DEBUG_INFO = INCLUDE_SOURCE;
				MTL_FAST_MATH = YES;
				ONLY_ACTIVE_ARCH = YES;
				SDKROOT = iphoneos;
				SWIFT_ACTIVE_COMPILATION_CONDITIONS = "DEBUG $(inherited)";
				SWIFT_OPTIMIZATION_LEVEL = "-Onone";
			};
			name = Debug;
		};
		FA9311692B6A0C6A006F2C19 /* Release */ = {
			isa = XCBuildConfiguration;
			buildSettings = {
				ALWAYS_SEARCH_USER_PATHS = NO;
				ASSETCATALOG_COMPILER_GENERATE_SWIFT_ASSET_SYMBOL_EXTENSIONS = YES;
				CLANG_ANALYZER_NONNULL = YES;
				CLANG_ANALYZER_NUMBER_OBJECT_CONVERSION = YES_AGGRESSIVE;
				CLANG_CXX_LANGUAGE_STANDARD = "gnu++20";
				CLANG_ENABLE_MODULES = YES;
				CLANG_ENABLE_OBJC_ARC = YES;
				CLANG_ENABLE_OBJC_WEAK = YES;
				CLANG_WARN_BLOCK_CAPTURE_AUTORELEASING = YES;
				CLANG_WARN_BOOL_CONVERSION = YES;
				CLANG_WARN_COMMA = YES;
				CLANG_WARN_CONSTANT_CONVERSION = YES;
				CLANG_WARN_DEPRECATED_OBJC_IMPLEMENTATIONS = YES;
				CLANG_WARN_DIRECT_OBJC_ISA_USAGE = YES_ERROR;
				CLANG_WARN_DOCUMENTATION_COMMENTS = YES;
				CLANG_WARN_EMPTY_BODY = YES;
				CLANG_WARN_ENUM_CONVERSION = YES;
				CLANG_WARN_INFINITE_RECURSION = YES;
				CLANG_WARN_INT_CONVERSION = YES;
				CLANG_WARN_NON_LITERAL_NULL_CONVERSION = YES;
				CLANG_WARN_OBJC_IMPLICIT_RETAIN_SELF = YES;
				CLANG_WARN_OBJC_LITERAL_CONVERSION = YES;
				CLANG_WARN_OBJC_ROOT_CLASS = YES_ERROR;
				CLANG_WARN_QUOTED_INCLUDE_IN_FRAMEWORK_HEADER = YES;
				CLANG_WARN_RANGE_LOOP_ANALYSIS = YES;
				CLANG_WARN_STRICT_PROTOTYPES = YES;
				CLANG_WARN_SUSPICIOUS_MOVE = YES;
				CLANG_WARN_UNGUARDED_AVAILABILITY = YES_AGGRESSIVE;
				CLANG_WARN_UNREACHABLE_CODE = YES;
				CLANG_WARN__DUPLICATE_METHOD_MATCH = YES;
				COPY_PHASE_STRIP = NO;
				DEBUG_INFORMATION_FORMAT = "dwarf-with-dsym";
				ENABLE_NS_ASSERTIONS = NO;
				ENABLE_STRICT_OBJC_MSGSEND = YES;
				ENABLE_USER_SCRIPT_SANDBOXING = YES;
				GCC_C_LANGUAGE_STANDARD = gnu17;
				GCC_NO_COMMON_BLOCKS = YES;
				GCC_WARN_64_TO_32_BIT_CONVERSION = YES;
				GCC_WARN_ABOUT_RETURN_TYPE = YES_ERROR;
				GCC_WARN_UNDECLARED_SELECTOR = YES;
				GCC_WARN_UNINITIALIZED_AUTOS = YES_AGGRESSIVE;
				GCC_WARN_UNUSED_FUNCTION = YES;
				GCC_WARN_UNUSED_VARIABLE = YES;
				IPHONEOS_DEPLOYMENT_TARGET = 17.2;
				LOCALIZATION_PREFERS_STRING_CATALOGS = YES;
				MTL_ENABLE_DEBUG_INFO = NO;
				MTL_FAST_MATH = YES;
				SDKROOT = iphoneos;
				SWIFT_COMPILATION_MODE = wholemodule;
				VALIDATE_PRODUCT = YES;
			};
			name = Release;
		};
		FA93116B2B6A0C6A006F2C19 /* Debug */ = {
			isa = XCBuildConfiguration;
			buildSettings = {
				ASSETCATALOG_COMPILER_APPICON_NAME = AppIcon;
				ASSETCATALOG_COMPILER_GLOBAL_ACCENT_COLOR_NAME = AccentColor;
				CODE_SIGN_STYLE = Automatic;
				CURRENT_PROJECT_VERSION = 1;
				DEVELOPMENT_ASSET_PATHS = "\"Dough to Bread/Preview Content\"";
				ENABLE_PREVIEWS = YES;
				GENERATE_INFOPLIST_FILE = YES;
				INFOPLIST_FILE = "Dough-to-Bread-Info.plist";
				INFOPLIST_KEY_UIApplicationSceneManifest_Generation = YES;
				INFOPLIST_KEY_UIApplicationSupportsIndirectInputEvents = YES;
				INFOPLIST_KEY_UILaunchScreen_Generation = YES;
				INFOPLIST_KEY_UISupportedInterfaceOrientations_iPad = "UIInterfaceOrientationPortrait UIInterfaceOrientationPortraitUpsideDown UIInterfaceOrientationLandscapeLeft UIInterfaceOrientationLandscapeRight";
				INFOPLIST_KEY_UISupportedInterfaceOrientations_iPhone = "UIInterfaceOrientationPortrait UIInterfaceOrientationLandscapeLeft UIInterfaceOrientationLandscapeRight";
				LD_RUNPATH_SEARCH_PATHS = (
					"$(inherited)",
					"@executable_path/Frameworks",
				);
				MARKETING_VERSION = 1.0;
				PRODUCT_BUNDLE_IDENTIFIER = "csci401.Dough-to-Bread";
				PRODUCT_NAME = "$(TARGET_NAME)";
				SWIFT_EMIT_LOC_STRINGS = YES;
				SWIFT_VERSION = 5.0;
				TARGETED_DEVICE_FAMILY = "1,2";
			};
			name = Debug;
		};
		FA93116C2B6A0C6A006F2C19 /* Release */ = {
			isa = XCBuildConfiguration;
			buildSettings = {
				ASSETCATALOG_COMPILER_APPICON_NAME = AppIcon;
				ASSETCATALOG_COMPILER_GLOBAL_ACCENT_COLOR_NAME = AccentColor;
				CODE_SIGN_STYLE = Automatic;
				CURRENT_PROJECT_VERSION = 1;
				DEVELOPMENT_ASSET_PATHS = "\"Dough to Bread/Preview Content\"";
				ENABLE_PREVIEWS = YES;
				GENERATE_INFOPLIST_FILE = YES;
				INFOPLIST_FILE = "Dough-to-Bread-Info.plist";
				INFOPLIST_KEY_UIApplicationSceneManifest_Generation = YES;
				INFOPLIST_KEY_UIApplicationSupportsIndirectInputEvents = YES;
				INFOPLIST_KEY_UILaunchScreen_Generation = YES;
				INFOPLIST_KEY_UISupportedInterfaceOrientations_iPad = "UIInterfaceOrientationPortrait UIInterfaceOrientationPortraitUpsideDown UIInterfaceOrientationLandscapeLeft UIInterfaceOrientationLandscapeRight";
				INFOPLIST_KEY_UISupportedInterfaceOrientations_iPhone = "UIInterfaceOrientationPortrait UIInterfaceOrientationLandscapeLeft UIInterfaceOrientationLandscapeRight";
				LD_RUNPATH_SEARCH_PATHS = (
					"$(inherited)",
					"@executable_path/Frameworks",
				);
				MARKETING_VERSION = 1.0;
				PRODUCT_BUNDLE_IDENTIFIER = "csci401.Dough-to-Bread";
				PRODUCT_NAME = "$(TARGET_NAME)";
				SWIFT_EMIT_LOC_STRINGS = YES;
				SWIFT_VERSION = 5.0;
				TARGETED_DEVICE_FAMILY = "1,2";
			};
			name = Release;
		};
		FA93116E2B6A0C6A006F2C19 /* Debug */ = {
			isa = XCBuildConfiguration;
			buildSettings = {
				ALWAYS_EMBED_SWIFT_STANDARD_LIBRARIES = YES;
				BUNDLE_LOADER = "$(TEST_HOST)";
				CODE_SIGN_STYLE = Automatic;
				CURRENT_PROJECT_VERSION = 1;
				GENERATE_INFOPLIST_FILE = YES;
				IPHONEOS_DEPLOYMENT_TARGET = 17.2;
				MARKETING_VERSION = 1.0;
				PRODUCT_BUNDLE_IDENTIFIER = "csci401.Dough-to-BreadTests";
				PRODUCT_NAME = "$(TARGET_NAME)";
				SWIFT_EMIT_LOC_STRINGS = NO;
				SWIFT_VERSION = 5.0;
				TARGETED_DEVICE_FAMILY = "1,2";
				TEST_HOST = "$(BUILT_PRODUCTS_DIR)/Dough to Bread.app/$(BUNDLE_EXECUTABLE_FOLDER_PATH)/Dough to Bread";
			};
			name = Debug;
		};
		FA93116F2B6A0C6A006F2C19 /* Release */ = {
			isa = XCBuildConfiguration;
			buildSettings = {
				ALWAYS_EMBED_SWIFT_STANDARD_LIBRARIES = YES;
				BUNDLE_LOADER = "$(TEST_HOST)";
				CODE_SIGN_STYLE = Automatic;
				CURRENT_PROJECT_VERSION = 1;
				GENERATE_INFOPLIST_FILE = YES;
				IPHONEOS_DEPLOYMENT_TARGET = 17.2;
				MARKETING_VERSION = 1.0;
				PRODUCT_BUNDLE_IDENTIFIER = "csci401.Dough-to-BreadTests";
				PRODUCT_NAME = "$(TARGET_NAME)";
				SWIFT_EMIT_LOC_STRINGS = NO;
				SWIFT_VERSION = 5.0;
				TARGETED_DEVICE_FAMILY = "1,2";
				TEST_HOST = "$(BUILT_PRODUCTS_DIR)/Dough to Bread.app/$(BUNDLE_EXECUTABLE_FOLDER_PATH)/Dough to Bread";
			};
			name = Release;
		};
		FA9311712B6A0C6A006F2C19 /* Debug */ = {
			isa = XCBuildConfiguration;
			buildSettings = {
				ALWAYS_EMBED_SWIFT_STANDARD_LIBRARIES = YES;
				CODE_SIGN_STYLE = Automatic;
				CURRENT_PROJECT_VERSION = 1;
				GENERATE_INFOPLIST_FILE = YES;
				MARKETING_VERSION = 1.0;
				PRODUCT_BUNDLE_IDENTIFIER = "csci401.Dough-to-BreadUITests";
				PRODUCT_NAME = "$(TARGET_NAME)";
				SWIFT_EMIT_LOC_STRINGS = NO;
				SWIFT_VERSION = 5.0;
				TARGETED_DEVICE_FAMILY = "1,2";
				TEST_TARGET_NAME = "Dough to Bread";
			};
			name = Debug;
		};
		FA9311722B6A0C6A006F2C19 /* Release */ = {
			isa = XCBuildConfiguration;
			buildSettings = {
				ALWAYS_EMBED_SWIFT_STANDARD_LIBRARIES = YES;
				CODE_SIGN_STYLE = Automatic;
				CURRENT_PROJECT_VERSION = 1;
				GENERATE_INFOPLIST_FILE = YES;
				MARKETING_VERSION = 1.0;
				PRODUCT_BUNDLE_IDENTIFIER = "csci401.Dough-to-BreadUITests";
				PRODUCT_NAME = "$(TARGET_NAME)";
				SWIFT_EMIT_LOC_STRINGS = NO;
				SWIFT_VERSION = 5.0;
				TARGETED_DEVICE_FAMILY = "1,2";
				TEST_TARGET_NAME = "Dough to Bread";
			};
			name = Release;
		};
/* End XCBuildConfiguration section */

/* Begin XCConfigurationList section */
		FA9311412B6A0C67006F2C19 /* Build configuration list for PBXProject "Dough to Bread" */ = {
			isa = XCConfigurationList;
			buildConfigurations = (
				FA9311682B6A0C6A006F2C19 /* Debug */,
				FA9311692B6A0C6A006F2C19 /* Release */,
			);
			defaultConfigurationIsVisible = 0;
			defaultConfigurationName = Release;
		};
		FA93116A2B6A0C6A006F2C19 /* Build configuration list for PBXNativeTarget "Dough to Bread" */ = {
			isa = XCConfigurationList;
			buildConfigurations = (
				FA93116B2B6A0C6A006F2C19 /* Debug */,
				FA93116C2B6A0C6A006F2C19 /* Release */,
			);
			defaultConfigurationIsVisible = 0;
			defaultConfigurationName = Release;
		};
		FA93116D2B6A0C6A006F2C19 /* Build configuration list for PBXNativeTarget "Dough to BreadTests" */ = {
			isa = XCConfigurationList;
			buildConfigurations = (
				FA93116E2B6A0C6A006F2C19 /* Debug */,
				FA93116F2B6A0C6A006F2C19 /* Release */,
			);
			defaultConfigurationIsVisible = 0;
			defaultConfigurationName = Release;
		};
		FA9311702B6A0C6A006F2C19 /* Build configuration list for PBXNativeTarget "Dough to BreadUITests" */ = {
			isa = XCConfigurationList;
			buildConfigurations = (
				FA9311712B6A0C6A006F2C19 /* Debug */,
				FA9311722B6A0C6A006F2C19 /* Release */,
			);
			defaultConfigurationIsVisible = 0;
			defaultConfigurationName = Release;
		};
/* End XCConfigurationList section */

/* Begin XCRemoteSwiftPackageReference section */
		969081112B8189100058BA9C /* XCRemoteSwiftPackageReference "firebase-ios-sdk" */ = {
			isa = XCRemoteSwiftPackageReference;
			repositoryURL = "https://github.com/firebase/firebase-ios-sdk";
			requirement = {
				kind = upToNextMajorVersion;
				minimumVersion = 10.21.0;
			};
		};
/* End XCRemoteSwiftPackageReference section */

/* Begin XCSwiftPackageProductDependency section */
		969081122B8189100058BA9C /* FirebaseAuth */ = {
			isa = XCSwiftPackageProductDependency;
			package = 969081112B8189100058BA9C /* XCRemoteSwiftPackageReference "firebase-ios-sdk" */;
			productName = FirebaseAuth;
		};
		969081142B8189100058BA9C /* FirebaseDatabase */ = {
			isa = XCSwiftPackageProductDependency;
			package = 969081112B8189100058BA9C /* XCRemoteSwiftPackageReference "firebase-ios-sdk" */;
			productName = FirebaseDatabase;
		};
		969081162B8189100058BA9C /* FirebaseDatabaseSwift */ = {
			isa = XCSwiftPackageProductDependency;
			package = 969081112B8189100058BA9C /* XCRemoteSwiftPackageReference "firebase-ios-sdk" */;
			productName = FirebaseDatabaseSwift;
		};
		969081182B8189100058BA9C /* FirebaseFirestore */ = {
			isa = XCSwiftPackageProductDependency;
			package = 969081112B8189100058BA9C /* XCRemoteSwiftPackageReference "firebase-ios-sdk" */;
			productName = FirebaseFirestore;
		};
		9690811A2B8189100058BA9C /* FirebaseFirestoreSwift */ = {
			isa = XCSwiftPackageProductDependency;
			package = 969081112B8189100058BA9C /* XCRemoteSwiftPackageReference "firebase-ios-sdk" */;
			productName = FirebaseFirestoreSwift;
		};
		9690811C2B8189100058BA9C /* FirebaseMessaging */ = {
			isa = XCSwiftPackageProductDependency;
			package = 969081112B8189100058BA9C /* XCRemoteSwiftPackageReference "firebase-ios-sdk" */;
			productName = FirebaseMessaging;
		};
		9690811E2B8189100058BA9C /* FirebaseStorage */ = {
			isa = XCSwiftPackageProductDependency;
			package = 969081112B8189100058BA9C /* XCRemoteSwiftPackageReference "firebase-ios-sdk" */;
			productName = FirebaseStorage;
		};
/* End XCSwiftPackageProductDependency section */
	};
	rootObject = FA93113E2B6A0C67006F2C19 /* Project object */;
}
